// !$*UTF8*$!
{
	archiveVersion = 1;
	classes = {
	};
	objectVersion = 46;
	objects = {

/* Begin PBXBuildFile section */
		21695C301C99795400B29360 /* AppState.swift in Sources */ = {isa = PBXBuildFile; fileRef = 21695C271C99795400B29360 /* AppState.swift */; };
		21695C311C99795400B29360 /* AppDelegate.swift in Sources */ = {isa = PBXBuildFile; fileRef = 21695C291C99795400B29360 /* AppDelegate.swift */; };
		21695C321C99795400B29360 /* BarGraph.swift in Sources */ = {isa = PBXBuildFile; fileRef = 21695C2C1C99795400B29360 /* BarGraph.swift */; };
		21695C331C99795400B29360 /* GraphDatasource.swift in Sources */ = {isa = PBXBuildFile; fileRef = 21695C2D1C99795400B29360 /* GraphDatasource.swift */; };
		21695C341C99795400B29360 /* NotifyControllerProtocol.swift in Sources */ = {isa = PBXBuildFile; fileRef = 21695C2E1C99795400B29360 /* NotifyControllerProtocol.swift */; };
		21695C351C99795400B29360 /* ViewController.swift in Sources */ = {isa = PBXBuildFile; fileRef = 21695C2F1C99795400B29360 /* ViewController.swift */; };
		A1ACB4151C97FBDF000A1BE8 /* Main.storyboard in Resources */ = {isa = PBXBuildFile; fileRef = A1ACB4131C97FBDF000A1BE8 /* Main.storyboard */; };
		A1ACB4171C97FBDF000A1BE8 /* Assets.xcassets in Resources */ = {isa = PBXBuildFile; fileRef = A1ACB4161C97FBDF000A1BE8 /* Assets.xcassets */; };
		A1ACB41A1C97FBDF000A1BE8 /* LaunchScreen.storyboard in Resources */ = {isa = PBXBuildFile; fileRef = A1ACB4181C97FBDF000A1BE8 /* LaunchScreen.storyboard */; };
/* End PBXBuildFile section */

/* Begin PBXFileReference section */
		21695C271C99795400B29360 /* AppState.swift */ = {isa = PBXFileReference; fileEncoding = 4; lastKnownFileType = sourcecode.swift; path = AppState.swift; sourceTree = "<group>"; };
		21695C291C99795400B29360 /* AppDelegate.swift */ = {isa = PBXFileReference; fileEncoding = 4; lastKnownFileType = sourcecode.swift; path = AppDelegate.swift; sourceTree = "<group>"; };
		21695C2C1C99795400B29360 /* BarGraph.swift */ = {isa = PBXFileReference; fileEncoding = 4; lastKnownFileType = sourcecode.swift; path = BarGraph.swift; sourceTree = "<group>"; };
		21695C2D1C99795400B29360 /* GraphDatasource.swift */ = {isa = PBXFileReference; fileEncoding = 4; lastKnownFileType = sourcecode.swift; path = GraphDatasource.swift; sourceTree = "<group>"; };
		21695C2E1C99795400B29360 /* NotifyControllerProtocol.swift */ = {isa = PBXFileReference; fileEncoding = 4; lastKnownFileType = sourcecode.swift; path = NotifyControllerProtocol.swift; sourceTree = "<group>"; };
		21695C2F1C99795400B29360 /* ViewController.swift */ = {isa = PBXFileReference; fileEncoding = 4; lastKnownFileType = sourcecode.swift; path = ViewController.swift; sourceTree = "<group>"; };
		A1ACB40C1C97FBDF000A1BE8 /* kaminotest.app */ = {isa = PBXFileReference; explicitFileType = wrapper.application; includeInIndex = 0; path = kaminotest.app; sourceTree = BUILT_PRODUCTS_DIR; };
		A1ACB4141C97FBDF000A1BE8 /* Base */ = {isa = PBXFileReference; lastKnownFileType = file.storyboard; name = Base; path = Base.lproj/Main.storyboard; sourceTree = "<group>"; };
		A1ACB4161C97FBDF000A1BE8 /* Assets.xcassets */ = {isa = PBXFileReference; lastKnownFileType = folder.assetcatalog; path = Assets.xcassets; sourceTree = "<group>"; };
		A1ACB4191C97FBDF000A1BE8 /* Base */ = {isa = PBXFileReference; lastKnownFileType = file.storyboard; name = Base; path = Base.lproj/LaunchScreen.storyboard; sourceTree = "<group>"; };
		A1ACB41B1C97FBDF000A1BE8 /* Info.plist */ = {isa = PBXFileReference; lastKnownFileType = text.plist.xml; path = Info.plist; sourceTree = "<group>"; };
/* End PBXFileReference section */

/* Begin PBXFrameworksBuildPhase section */
		A1ACB4091C97FBDF000A1BE8 /* Frameworks */ = {
			isa = PBXFrameworksBuildPhase;
			buildActionMask = 2147483647;
			files = (
			);
			runOnlyForDeploymentPostprocessing = 0;
		};
/* End PBXFrameworksBuildPhase section */

/* Begin PBXGroup section */
		21695C251C99795400B29360 /* Sources */ = {
			isa = PBXGroup;
			children = (
				21695C261C99795400B29360 /* Data */,
				21695C281C99795400B29360 /* Main */,
				21695C2A1C99795400B29360 /* User interface */,
			);
			path = Sources;
			sourceTree = "<group>";
		};
		21695C261C99795400B29360 /* Data */ = {
			isa = PBXGroup;
			children = (
				21695C271C99795400B29360 /* AppState.swift */,
			);
			path = Data;
			sourceTree = "<group>";
		};
		21695C281C99795400B29360 /* Main */ = {
			isa = PBXGroup;
			children = (
				21695C291C99795400B29360 /* AppDelegate.swift */,
			);
			path = Main;
			sourceTree = "<group>";
		};
		21695C2A1C99795400B29360 /* User interface */ = {
			isa = PBXGroup;
			children = (
				21695C2B1C99795400B29360 /* Main view controller */,
			);
			path = "User interface";
			sourceTree = "<group>";
		};
		21695C2B1C99795400B29360 /* Main view controller */ = {
			isa = PBXGroup;
			children = (
				21695C2C1C99795400B29360 /* BarGraph.swift */,
				21695C2D1C99795400B29360 /* GraphDatasource.swift */,
				21695C2E1C99795400B29360 /* NotifyControllerProtocol.swift */,
				21695C2F1C99795400B29360 /* ViewController.swift */,
			);
			path = "Main view controller";
			sourceTree = "<group>";
		};
		A1ACB4031C97FBDE000A1BE8 = {
			isa = PBXGroup;
			children = (
				A1ACB40E1C97FBDF000A1BE8 /* kaminotest */,
				A1ACB40D1C97FBDF000A1BE8 /* Products */,
			);
			sourceTree = "<group>";
		};
		A1ACB40D1C97FBDF000A1BE8 /* Products */ = {
			isa = PBXGroup;
			children = (
				A1ACB40C1C97FBDF000A1BE8 /* kaminotest.app */,
			);
			name = Products;
			sourceTree = "<group>";
		};
		A1ACB40E1C97FBDF000A1BE8 /* kaminotest */ = {
			isa = PBXGroup;
			children = (
				21695C251C99795400B29360 /* Sources */,
				A1ACB4131C97FBDF000A1BE8 /* Main.storyboard */,
				A1ACB4161C97FBDF000A1BE8 /* Assets.xcassets */,
				A1ACB4181C97FBDF000A1BE8 /* LaunchScreen.storyboard */,
				A1ACB41B1C97FBDF000A1BE8 /* Info.plist */,
			);
			path = kaminotest;
			sourceTree = "<group>";
		};
/* End PBXGroup section */

/* Begin PBXNativeTarget section */
		A1ACB40B1C97FBDF000A1BE8 /* kaminotest */ = {
			isa = PBXNativeTarget;
			buildConfigurationList = A1ACB41E1C97FBDF000A1BE8 /* Build configuration list for PBXNativeTarget "kaminotest" */;
			buildPhases = (
				A1ACB4081C97FBDF000A1BE8 /* Sources */,
				A1ACB4091C97FBDF000A1BE8 /* Frameworks */,
				A1ACB40A1C97FBDF000A1BE8 /* Resources */,
			);
			buildRules = (
			);
			dependencies = (
			);
			name = kaminotest;
			productName = kaminotest;
			productReference = A1ACB40C1C97FBDF000A1BE8 /* kaminotest.app */;
			productType = "com.apple.product-type.application";
		};
/* End PBXNativeTarget section */

/* Begin PBXProject section */
		A1ACB4041C97FBDE000A1BE8 /* Project object */ = {
			isa = PBXProject;
			attributes = {
				LastSwiftUpdateCheck = 0720;
				LastUpgradeCheck = 0720;
				ORGANIZATIONNAME = amela;
				TargetAttributes = {
					A1ACB40B1C97FBDF000A1BE8 = {
						CreatedOnToolsVersion = 7.2;
						DevelopmentTeam = UUN3YMBWXG;
					};
				};
			};
			buildConfigurationList = A1ACB4071C97FBDE000A1BE8 /* Build configuration list for PBXProject "kaminotest" */;
			compatibilityVersion = "Xcode 3.2";
			developmentRegion = English;
			hasScannedForEncodings = 0;
			knownRegions = (
				en,
				Base,
			);
			mainGroup = A1ACB4031C97FBDE000A1BE8;
			productRefGroup = A1ACB40D1C97FBDF000A1BE8 /* Products */;
			projectDirPath = "";
			projectRoot = "";
			targets = (
				A1ACB40B1C97FBDF000A1BE8 /* kaminotest */,
			);
		};
/* End PBXProject section */

/* Begin PBXResourcesBuildPhase section */
		A1ACB40A1C97FBDF000A1BE8 /* Resources */ = {
			isa = PBXResourcesBuildPhase;
			buildActionMask = 2147483647;
			files = (
				A1ACB41A1C97FBDF000A1BE8 /* LaunchScreen.storyboard in Resources */,
				A1ACB4171C97FBDF000A1BE8 /* Assets.xcassets in Resources */,
				A1ACB4151C97FBDF000A1BE8 /* Main.storyboard in Resources */,
			);
			runOnlyForDeploymentPostprocessing = 0;
		};
/* End PBXResourcesBuildPhase section */

/* Begin PBXSourcesBuildPhase section */
		A1ACB4081C97FBDF000A1BE8 /* Sources */ = {
			isa = PBXSourcesBuildPhase;
			buildActionMask = 2147483647;
			files = (
				21695C351C99795400B29360 /* ViewController.swift in Sources */,
				21695C321C99795400B29360 /* BarGraph.swift in Sources */,
				21695C331C99795400B29360 /* GraphDatasource.swift in Sources */,
				21695C311C99795400B29360 /* AppDelegate.swift in Sources */,
				21695C301C99795400B29360 /* AppState.swift in Sources */,
				21695C341C99795400B29360 /* NotifyControllerProtocol.swift in Sources */,
			);
			runOnlyForDeploymentPostprocessing = 0;
		};
/* End PBXSourcesBuildPhase section */

/* Begin PBXVariantGroup section */
		A1ACB4131C97FBDF000A1BE8 /* Main.storyboard */ = {
			isa = PBXVariantGroup;
			children = (
				A1ACB4141C97FBDF000A1BE8 /* Base */,
			);
			name = Main.storyboard;
			sourceTree = "<group>";
		};
		A1ACB4181C97FBDF000A1BE8 /* LaunchScreen.storyboard */ = {
			isa = PBXVariantGroup;
			children = (
				A1ACB4191C97FBDF000A1BE8 /* Base */,
			);
			name = LaunchScreen.storyboard;
			sourceTree = "<group>";
		};
/* End PBXVariantGroup section */

/* Begin XCBuildConfiguration section */
		A1ACB41C1C97FBDF000A1BE8 /* Debug */ = {
			isa = XCBuildConfiguration;
			buildSettings = {
				ALWAYS_SEARCH_USER_PATHS = NO;
				CLANG_CXX_LANGUAGE_STANDARD = "gnu++0x";
				CLANG_CXX_LIBRARY = "libc++";
				CLANG_ENABLE_MODULES = YES;
				CLANG_ENABLE_OBJC_ARC = YES;
				CLANG_WARN_BOOL_CONVERSION = YES;
				CLANG_WARN_CONSTANT_CONVERSION = YES;
				CLANG_WARN_DIRECT_OBJC_ISA_USAGE = YES_ERROR;
				CLANG_WARN_EMPTY_BODY = YES;
				CLANG_WARN_ENUM_CONVERSION = YES;
				CLANG_WARN_INT_CONVERSION = YES;
				CLANG_WARN_OBJC_ROOT_CLASS = YES_ERROR;
				CLANG_WARN_UNREACHABLE_CODE = YES;
				CLANG_WARN__DUPLICATE_METHOD_MATCH = YES;
				"CODE_SIGN_IDENTITY[sdk=iphoneos*]" = "iPhone Developer";
				COPY_PHASE_STRIP = NO;
				DEBUG_INFORMATION_FORMAT = dwarf;
				ENABLE_STRICT_OBJC_MSGSEND = YES;
				ENABLE_TESTABILITY = YES;
				GCC_C_LANGUAGE_STANDARD = gnu99;
				GCC_DYNAMIC_NO_PIC = NO;
				GCC_NO_COMMON_BLOCKS = YES;
				GCC_OPTIMIZATION_LEVEL = 0;
				GCC_PREPROCESSOR_DEFINITIONS = (
					"DEBUG=1",
					"$(inherited)",
				);
				GCC_WARN_64_TO_32_BIT_CONVERSION = YES;
				GCC_WARN_ABOUT_RETURN_TYPE = YES_ERROR;
				GCC_WARN_UNDECLARED_SELECTOR = YES;
				GCC_WARN_UNINITIALIZED_AUTOS = YES_AGGRESSIVE;
				GCC_WARN_UNUSED_FUNCTION = YES;
				GCC_WARN_UNUSED_VARIABLE = YES;
				IPHONEOS_DEPLOYMENT_TARGET = 9.2;
				MTL_ENABLE_DEBUG_INFO = YES;
				ONLY_ACTIVE_ARCH = YES;
				SDKROOT = iphoneos;
				SWIFT_OPTIMIZATION_LEVEL = "-Onone";
				TARGETED_DEVICE_FAMILY = "1,2";
			};
			name = Debug;
		};
		A1ACB41D1C97FBDF000A1BE8 /* Release */ = {
			isa = XCBuildConfiguration;
			buildSettings = {
				ALWAYS_SEARCH_USER_PATHS = NO;
				CLANG_CXX_LANGUAGE_STANDARD = "gnu++0x";
				CLANG_CXX_LIBRARY = "libc++";
				CLANG_ENABLE_MODULES = YES;
				CLANG_ENABLE_OBJC_ARC = YES;
				CLANG_WARN_BOOL_CONVERSION = YES;
				CLANG_WARN_CONSTANT_CONVERSION = YES;
				CLANG_WARN_DIRECT_OBJC_ISA_USAGE = YES_ERROR;
				CLANG_WARN_EMPTY_BODY = YES;
				CLANG_WARN_ENUM_CONVERSION = YES;
				CLANG_WARN_INT_CONVERSION = YES;
				CLANG_WARN_OBJC_ROOT_CLASS = YES_ERROR;
				CLANG_WARN_UNREACHABLE_CODE = YES;
				CLANG_WARN__DUPLICATE_METHOD_MATCH = YES;
				"CODE_SIGN_IDENTITY[sdk=iphoneos*]" = "iPhone Developer";
				COPY_PHASE_STRIP = NO;
				DEBUG_INFORMATION_FORMAT = "dwarf-with-dsym";
				ENABLE_NS_ASSERTIONS = NO;
				ENABLE_STRICT_OBJC_MSGSEND = YES;
				GCC_C_LANGUAGE_STANDARD = gnu99;
				GCC_NO_COMMON_BLOCKS = YES;
				GCC_WARN_64_TO_32_BIT_CONVERSION = YES;
				GCC_WARN_ABOUT_RETURN_TYPE = YES_ERROR;
				GCC_WARN_UNDECLARED_SELECTOR = YES;
				GCC_WARN_UNINITIALIZED_AUTOS = YES_AGGRESSIVE;
				GCC_WARN_UNUSED_FUNCTION = YES;
				GCC_WARN_UNUSED_VARIABLE = YES;
				IPHONEOS_DEPLOYMENT_TARGET = 9.2;
				MTL_ENABLE_DEBUG_INFO = NO;
				SDKROOT = iphoneos;
				TARGETED_DEVICE_FAMILY = "1,2";
				VALIDATE_PRODUCT = YES;
			};
			name = Release;
		};
		A1ACB41F1C97FBDF000A1BE8 /* Debug */ = {
			isa = XCBuildConfiguration;
			buildSettings = {
				ASSETCATALOG_COMPILER_APPICON_NAME = AppIcon;
				INFOPLIST_FILE = kaminotest/Info.plist;
				LD_RUNPATH_SEARCH_PATHS = "$(inherited) @executable_path/Frameworks";
				PRODUCT_BUNDLE_IDENTIFIER = JadranskaHQ.kaminotest;
				PRODUCT_NAME = "$(TARGET_NAME)";
			};
			name = Debug;
		};
		A1ACB4201C97FBDF000A1BE8 /* Release */ = {
			isa = XCBuildConfiguration;
			buildSettings = {
				ASSETCATALOG_COMPILER_APPICON_NAME = AppIcon;
				INFOPLIST_FILE = kaminotest/Info.plist;
				LD_RUNPATH_SEARCH_PATHS = "$(inherited) @executable_path/Frameworks";
				PRODUCT_BUNDLE_IDENTIFIER = JadranskaHQ.kaminotest;
				PRODUCT_NAME = "$(TARGET_NAME)";
			};
			name = Release;
		};
/* End XCBuildConfiguration section */

/* Begin XCConfigurationList section */
		A1ACB4071C97FBDE000A1BE8 /* Build configuration list for PBXProject "kaminotest" */ = {
			isa = XCConfigurationList;
			buildConfigurations = (
				A1ACB41C1C97FBDF000A1BE8 /* Debug */,
				A1ACB41D1C97FBDF000A1BE8 /* Release */,
			);
			defaultConfigurationIsVisible = 0;
			defaultConfigurationName = Release;
		};
		A1ACB41E1C97FBDF000A1BE8 /* Build configuration list for PBXNativeTarget "kaminotest" */ = {
			isa = XCConfigurationList;
			buildConfigurations = (
				A1ACB41F1C97FBDF000A1BE8 /* Debug */,
				A1ACB4201C97FBDF000A1BE8 /* Release */,
			);
			defaultConfigurationIsVisible = 0;
			defaultConfigurationName = Release;
		};
/* End XCConfigurationList section */
	};
	rootObject = A1ACB4041C97FBDE000A1BE8 /* Project object */;
}
